// !$*UTF8*$!
{
	archiveVersion = 1;
	classes = {
	};
	objectVersion = 50;
	objects = {

/* Begin PBXBuildFile section */
		4149DF70236F4E5700B00E62 /* AppDelegate.swift in Sources */ = {isa = PBXBuildFile; fileRef = 4149DF6F236F4E5700B00E62 /* AppDelegate.swift */; };
		4149DF72236F4E5700B00E62 /* SceneDelegate.swift in Sources */ = {isa = PBXBuildFile; fileRef = 4149DF71236F4E5700B00E62 /* SceneDelegate.swift */; };
		4149DF74236F4E5700B00E62 /* ViewController.swift in Sources */ = {isa = PBXBuildFile; fileRef = 4149DF73236F4E5700B00E62 /* ViewController.swift */; };
		4149DF77236F4E5700B00E62 /* Main.storyboard in Resources */ = {isa = PBXBuildFile; fileRef = 4149DF75236F4E5700B00E62 /* Main.storyboard */; };
		4149DF7A236F4E5700B00E62 /* uiKitTask2.xcdatamodeld in Sources */ = {isa = PBXBuildFile; fileRef = 4149DF78236F4E5700B00E62 /* uiKitTask2.xcdatamodeld */; };
		4149DF7C236F4E5B00B00E62 /* Assets.xcassets in Resources */ = {isa = PBXBuildFile; fileRef = 4149DF7B236F4E5B00B00E62 /* Assets.xcassets */; };
		4149DF7F236F4E5B00B00E62 /* LaunchScreen.storyboard in Resources */ = {isa = PBXBuildFile; fileRef = 4149DF7D236F4E5B00B00E62 /* LaunchScreen.storyboard */; };
		4149DF8A236F4E5C00B00E62 /* uiKitTask2Tests.swift in Sources */ = {isa = PBXBuildFile; fileRef = 4149DF89236F4E5C00B00E62 /* uiKitTask2Tests.swift */; };
		4149DF95236F4E5C00B00E62 /* uiKitTask2UITests.swift in Sources */ = {isa = PBXBuildFile; fileRef = 4149DF94236F4E5C00B00E62 /* uiKitTask2UITests.swift */; };
		4149DFA3236F4EA400B00E62 /* Drawer.swift in Sources */ = {isa = PBXBuildFile; fileRef = 4149DFA2236F4EA400B00E62 /* Drawer.swift */; };
		417111E123712E11005C4C66 /* TransparentView.swift in Sources */ = {isa = PBXBuildFile; fileRef = 417111E023712E11005C4C66 /* TransparentView.swift */; };
/* End PBXBuildFile section */

/* Begin PBXContainerItemProxy section */
		4149DF86236F4E5C00B00E62 /* PBXContainerItemProxy */ = {
			isa = PBXContainerItemProxy;
			containerPortal = 4149DF64236F4E5700B00E62 /* Project object */;
			proxyType = 1;
			remoteGlobalIDString = 4149DF6B236F4E5700B00E62;
			remoteInfo = uiKitTask2;
		};
		4149DF91236F4E5C00B00E62 /* PBXContainerItemProxy */ = {
			isa = PBXContainerItemProxy;
			containerPortal = 4149DF64236F4E5700B00E62 /* Project object */;
			proxyType = 1;
			remoteGlobalIDString = 4149DF6B236F4E5700B00E62;
			remoteInfo = uiKitTask2;
		};
/* End PBXContainerItemProxy section */

/* Begin PBXFileReference section */
		4149DF6C236F4E5700B00E62 /* uiKitTask2.app */ = {isa = PBXFileReference; explicitFileType = wrapper.application; includeInIndex = 0; path = uiKitTask2.app; sourceTree = BUILT_PRODUCTS_DIR; };
		4149DF6F236F4E5700B00E62 /* AppDelegate.swift */ = {isa = PBXFileReference; lastKnownFileType = sourcecode.swift; path = AppDelegate.swift; sourceTree = "<group>"; };
		4149DF71236F4E5700B00E62 /* SceneDelegate.swift */ = {isa = PBXFileReference; lastKnownFileType = sourcecode.swift; path = SceneDelegate.swift; sourceTree = "<group>"; };
		4149DF73236F4E5700B00E62 /* ViewController.swift */ = {isa = PBXFileReference; lastKnownFileType = sourcecode.swift; path = ViewController.swift; sourceTree = "<group>"; };
		4149DF76236F4E5700B00E62 /* Base */ = {isa = PBXFileReference; lastKnownFileType = file.storyboard; name = Base; path = Base.lproj/Main.storyboard; sourceTree = "<group>"; };
		4149DF79236F4E5700B00E62 /* uiKitTask2.xcdatamodel */ = {isa = PBXFileReference; lastKnownFileType = wrapper.xcdatamodel; path = uiKitTask2.xcdatamodel; sourceTree = "<group>"; };
		4149DF7B236F4E5B00B00E62 /* Assets.xcassets */ = {isa = PBXFileReference; lastKnownFileType = folder.assetcatalog; path = Assets.xcassets; sourceTree = "<group>"; };
		4149DF7E236F4E5B00B00E62 /* Base */ = {isa = PBXFileReference; lastKnownFileType = file.storyboard; name = Base; path = Base.lproj/LaunchScreen.storyboard; sourceTree = "<group>"; };
		4149DF80236F4E5B00B00E62 /* Info.plist */ = {isa = PBXFileReference; lastKnownFileType = text.plist.xml; path = Info.plist; sourceTree = "<group>"; };
		4149DF85236F4E5C00B00E62 /* uiKitTask2Tests.xctest */ = {isa = PBXFileReference; explicitFileType = wrapper.cfbundle; includeInIndex = 0; path = uiKitTask2Tests.xctest; sourceTree = BUILT_PRODUCTS_DIR; };
		4149DF89236F4E5C00B00E62 /* uiKitTask2Tests.swift */ = {isa = PBXFileReference; lastKnownFileType = sourcecode.swift; path = uiKitTask2Tests.swift; sourceTree = "<group>"; };
		4149DF8B236F4E5C00B00E62 /* Info.plist */ = {isa = PBXFileReference; lastKnownFileType = text.plist.xml; path = Info.plist; sourceTree = "<group>"; };
		4149DF90236F4E5C00B00E62 /* uiKitTask2UITests.xctest */ = {isa = PBXFileReference; explicitFileType = wrapper.cfbundle; includeInIndex = 0; path = uiKitTask2UITests.xctest; sourceTree = BUILT_PRODUCTS_DIR; };
		4149DF94236F4E5C00B00E62 /* uiKitTask2UITests.swift */ = {isa = PBXFileReference; lastKnownFileType = sourcecode.swift; path = uiKitTask2UITests.swift; sourceTree = "<group>"; };
		4149DF96236F4E5C00B00E62 /* Info.plist */ = {isa = PBXFileReference; lastKnownFileType = text.plist.xml; path = Info.plist; sourceTree = "<group>"; };
		4149DFA2236F4EA400B00E62 /* Drawer.swift */ = {isa = PBXFileReference; lastKnownFileType = sourcecode.swift; path = Drawer.swift; sourceTree = "<group>"; };
		417111E023712E11005C4C66 /* TransparentView.swift */ = {isa = PBXFileReference; lastKnownFileType = sourcecode.swift; path = TransparentView.swift; sourceTree = "<group>"; };
/* End PBXFileReference section */

/* Begin PBXFrameworksBuildPhase section */
		4149DF69236F4E5700B00E62 /* Frameworks */ = {
			isa = PBXFrameworksBuildPhase;
			buildActionMask = 2147483647;
			files = (
			);
			runOnlyForDeploymentPostprocessing = 0;
		};
		4149DF82236F4E5C00B00E62 /* Frameworks */ = {
			isa = PBXFrameworksBuildPhase;
			buildActionMask = 2147483647;
			files = (
			);
			runOnlyForDeploymentPostprocessing = 0;
		};
		4149DF8D236F4E5C00B00E62 /* Frameworks */ = {
			isa = PBXFrameworksBuildPhase;
			buildActionMask = 2147483647;
			files = (
			);
			runOnlyForDeploymentPostprocessing = 0;
		};
/* End PBXFrameworksBuildPhase section */

/* Begin PBXGroup section */
		4149DF63236F4E5700B00E62 = {
			isa = PBXGroup;
			children = (
				4149DF6E236F4E5700B00E62 /* uiKitTask2 */,
				4149DF88236F4E5C00B00E62 /* uiKitTask2Tests */,
				4149DF93236F4E5C00B00E62 /* uiKitTask2UITests */,
				4149DF6D236F4E5700B00E62 /* Products */,
			);
			sourceTree = "<group>";
		};
		4149DF6D236F4E5700B00E62 /* Products */ = {
			isa = PBXGroup;
			children = (
				4149DF6C236F4E5700B00E62 /* uiKitTask2.app */,
				4149DF85236F4E5C00B00E62 /* uiKitTask2Tests.xctest */,
				4149DF90236F4E5C00B00E62 /* uiKitTask2UITests.xctest */,
			);
			name = Products;
			sourceTree = "<group>";
		};
		4149DF6E236F4E5700B00E62 /* uiKitTask2 */ = {
			isa = PBXGroup;
			children = (
				4149DF6F236F4E5700B00E62 /* AppDelegate.swift */,
				4149DF71236F4E5700B00E62 /* SceneDelegate.swift */,
				4149DF73236F4E5700B00E62 /* ViewController.swift */,
				4149DF75236F4E5700B00E62 /* Main.storyboard */,
				4149DF7B236F4E5B00B00E62 /* Assets.xcassets */,
				4149DF7D236F4E5B00B00E62 /* LaunchScreen.storyboard */,
				4149DF80236F4E5B00B00E62 /* Info.plist */,
				4149DF78236F4E5700B00E62 /* uiKitTask2.xcdatamodeld */,
				4149DFA2236F4EA400B00E62 /* Drawer.swift */,
				417111E023712E11005C4C66 /* TransparentView.swift */,
			);
			path = uiKitTask2;
			sourceTree = "<group>";
		};
		4149DF88236F4E5C00B00E62 /* uiKitTask2Tests */ = {
			isa = PBXGroup;
			children = (
				4149DF89236F4E5C00B00E62 /* uiKitTask2Tests.swift */,
				4149DF8B236F4E5C00B00E62 /* Info.plist */,
			);
			path = uiKitTask2Tests;
			sourceTree = "<group>";
		};
		4149DF93236F4E5C00B00E62 /* uiKitTask2UITests */ = {
			isa = PBXGroup;
			children = (
				4149DF94236F4E5C00B00E62 /* uiKitTask2UITests.swift */,
				4149DF96236F4E5C00B00E62 /* Info.plist */,
			);
			path = uiKitTask2UITests;
			sourceTree = "<group>";
		};
/* End PBXGroup section */

/* Begin PBXNativeTarget section */
		4149DF6B236F4E5700B00E62 /* uiKitTask2 */ = {
			isa = PBXNativeTarget;
			buildConfigurationList = 4149DF99236F4E5C00B00E62 /* Build configuration list for PBXNativeTarget "uiKitTask2" */;
			buildPhases = (
				4149DF68236F4E5700B00E62 /* Sources */,
				4149DF69236F4E5700B00E62 /* Frameworks */,
				4149DF6A236F4E5700B00E62 /* Resources */,
			);
			buildRules = (
			);
			dependencies = (
			);
			name = uiKitTask2;
			productName = uiKitTask2;
			productReference = 4149DF6C236F4E5700B00E62 /* uiKitTask2.app */;
			productType = "com.apple.product-type.application";
		};
		4149DF84236F4E5C00B00E62 /* uiKitTask2Tests */ = {
			isa = PBXNativeTarget;
			buildConfigurationList = 4149DF9C236F4E5C00B00E62 /* Build configuration list for PBXNativeTarget "uiKitTask2Tests" */;
			buildPhases = (
				4149DF81236F4E5C00B00E62 /* Sources */,
				4149DF82236F4E5C00B00E62 /* Frameworks */,
				4149DF83236F4E5C00B00E62 /* Resources */,
			);
			buildRules = (
			);
			dependencies = (
				4149DF87236F4E5C00B00E62 /* PBXTargetDependency */,
			);
			name = uiKitTask2Tests;
			productName = uiKitTask2Tests;
			productReference = 4149DF85236F4E5C00B00E62 /* uiKitTask2Tests.xctest */;
			productType = "com.apple.product-type.bundle.unit-test";
		};
		4149DF8F236F4E5C00B00E62 /* uiKitTask2UITests */ = {
			isa = PBXNativeTarget;
			buildConfigurationList = 4149DF9F236F4E5C00B00E62 /* Build configuration list for PBXNativeTarget "uiKitTask2UITests" */;
			buildPhases = (
				4149DF8C236F4E5C00B00E62 /* Sources */,
				4149DF8D236F4E5C00B00E62 /* Frameworks */,
				4149DF8E236F4E5C00B00E62 /* Resources */,
			);
			buildRules = (
			);
			dependencies = (
				4149DF92236F4E5C00B00E62 /* PBXTargetDependency */,
			);
			name = uiKitTask2UITests;
			productName = uiKitTask2UITests;
			productReference = 4149DF90236F4E5C00B00E62 /* uiKitTask2UITests.xctest */;
			productType = "com.apple.product-type.bundle.ui-testing";
		};
/* End PBXNativeTarget section */

/* Begin PBXProject section */
		4149DF64236F4E5700B00E62 /* Project object */ = {
			isa = PBXProject;
			attributes = {
				LastSwiftUpdateCheck = 1110;
				LastUpgradeCheck = 1110;
				ORGANIZATIONNAME = Papillon;
				TargetAttributes = {
					4149DF6B236F4E5700B00E62 = {
						CreatedOnToolsVersion = 11.1;
					};
					4149DF84236F4E5C00B00E62 = {
						CreatedOnToolsVersion = 11.1;
						TestTargetID = 4149DF6B236F4E5700B00E62;
					};
					4149DF8F236F4E5C00B00E62 = {
						CreatedOnToolsVersion = 11.1;
						TestTargetID = 4149DF6B236F4E5700B00E62;
					};
				};
			};
			buildConfigurationList = 4149DF67236F4E5700B00E62 /* Build configuration list for PBXProject "uiKitTask2" */;
			compatibilityVersion = "Xcode 9.3";
			developmentRegion = en;
			hasScannedForEncodings = 0;
			knownRegions = (
				en,
				Base,
			);
			mainGroup = 4149DF63236F4E5700B00E62;
			productRefGroup = 4149DF6D236F4E5700B00E62 /* Products */;
			projectDirPath = "";
			projectRoot = "";
			targets = (
				4149DF6B236F4E5700B00E62 /* uiKitTask2 */,
				4149DF84236F4E5C00B00E62 /* uiKitTask2Tests */,
				4149DF8F236F4E5C00B00E62 /* uiKitTask2UITests */,
			);
		};
/* End PBXProject section */

/* Begin PBXResourcesBuildPhase section */
		4149DF6A236F4E5700B00E62 /* Resources */ = {
			isa = PBXResourcesBuildPhase;
			buildActionMask = 2147483647;
			files = (
				4149DF7F236F4E5B00B00E62 /* LaunchScreen.storyboard in Resources */,
				4149DF7C236F4E5B00B00E62 /* Assets.xcassets in Resources */,
				4149DF77236F4E5700B00E62 /* Main.storyboard in Resources */,
			);
			runOnlyForDeploymentPostprocessing = 0;
		};
		4149DF83236F4E5C00B00E62 /* Resources */ = {
			isa = PBXResourcesBuildPhase;
			buildActionMask = 2147483647;
			files = (
			);
			runOnlyForDeploymentPostprocessing = 0;
		};
		4149DF8E236F4E5C00B00E62 /* Resources */ = {
			isa = PBXResourcesBuildPhase;
			buildActionMask = 2147483647;
			files = (
			);
			runOnlyForDeploymentPostprocessing = 0;
		};
/* End PBXResourcesBuildPhase section */

/* Begin PBXSourcesBuildPhase section */
		4149DF68236F4E5700B00E62 /* Sources */ = {
			isa = PBXSourcesBuildPhase;
			buildActionMask = 2147483647;
			files = (
				4149DFA3236F4EA400B00E62 /* Drawer.swift in Sources */,
				417111E123712E11005C4C66 /* TransparentView.swift in Sources */,
				4149DF74236F4E5700B00E62 /* ViewController.swift in Sources */,
				4149DF70236F4E5700B00E62 /* AppDelegate.swift in Sources */,
				4149DF7A236F4E5700B00E62 /* uiKitTask2.xcdatamodeld in Sources */,
				4149DF72236F4E5700B00E62 /* SceneDelegate.swift in Sources */,
			);
			runOnlyForDeploymentPostprocessing = 0;
		};
		4149DF81236F4E5C00B00E62 /* Sources */ = {
			isa = PBXSourcesBuildPhase;
			buildActionMask = 2147483647;
			files = (
				4149DF8A236F4E5C00B00E62 /* uiKitTask2Tests.swift in Sources */,
			);
			runOnlyForDeploymentPostprocessing = 0;
		};
		4149DF8C236F4E5C00B00E62 /* Sources */ = {
			isa = PBXSourcesBuildPhase;
			buildActionMask = 2147483647;
			files = (
				4149DF95236F4E5C00B00E62 /* uiKitTask2UITests.swift in Sources */,
			);
			runOnlyForDeploymentPostprocessing = 0;
		};
/* End PBXSourcesBuildPhase section */

/* Begin PBXTargetDependency section */
		4149DF87236F4E5C00B00E62 /* PBXTargetDependency */ = {
			isa = PBXTargetDependency;
			target = 4149DF6B236F4E5700B00E62 /* uiKitTask2 */;
			targetProxy = 4149DF86236F4E5C00B00E62 /* PBXContainerItemProxy */;
		};
		4149DF92236F4E5C00B00E62 /* PBXTargetDependency */ = {
			isa = PBXTargetDependency;
			target = 4149DF6B236F4E5700B00E62 /* uiKitTask2 */;
			targetProxy = 4149DF91236F4E5C00B00E62 /* PBXContainerItemProxy */;
		};
/* End PBXTargetDependency section */

/* Begin PBXVariantGroup section */
		4149DF75236F4E5700B00E62 /* Main.storyboard */ = {
			isa = PBXVariantGroup;
			children = (
				4149DF76236F4E5700B00E62 /* Base */,
			);
			name = Main.storyboard;
			sourceTree = "<group>";
		};
		4149DF7D236F4E5B00B00E62 /* LaunchScreen.storyboard */ = {
			isa = PBXVariantGroup;
			children = (
				4149DF7E236F4E5B00B00E62 /* Base */,
			);
			name = LaunchScreen.storyboard;
			sourceTree = "<group>";
		};
/* End PBXVariantGroup section */

/* Begin XCBuildConfiguration section */
		4149DF97236F4E5C00B00E62 /* Debug */ = {
			isa = XCBuildConfiguration;
			buildSettings = {
				ALWAYS_SEARCH_USER_PATHS = NO;
				CLANG_ANALYZER_NONNULL = YES;
				CLANG_ANALYZER_NUMBER_OBJECT_CONVERSION = YES_AGGRESSIVE;
				CLANG_CXX_LANGUAGE_STANDARD = "gnu++14";
				CLANG_CXX_LIBRARY = "libc++";
				CLANG_ENABLE_MODULES = YES;
				CLANG_ENABLE_OBJC_ARC = YES;
				CLANG_ENABLE_OBJC_WEAK = YES;
				CLANG_WARN_BLOCK_CAPTURE_AUTORELEASING = YES;
				CLANG_WARN_BOOL_CONVERSION = YES;
				CLANG_WARN_COMMA = YES;
				CLANG_WARN_CONSTANT_CONVERSION = YES;
				CLANG_WARN_DEPRECATED_OBJC_IMPLEMENTATIONS = YES;
				CLANG_WARN_DIRECT_OBJC_ISA_USAGE = YES_ERROR;
				CLANG_WARN_DOCUMENTATION_COMMENTS = YES;
				CLANG_WARN_EMPTY_BODY = YES;
				CLANG_WARN_ENUM_CONVERSION = YES;
				CLANG_WARN_INFINITE_RECURSION = YES;
				CLANG_WARN_INT_CONVERSION = YES;
				CLANG_WARN_NON_LITERAL_NULL_CONVERSION = YES;
				CLANG_WARN_OBJC_IMPLICIT_RETAIN_SELF = YES;
				CLANG_WARN_OBJC_LITERAL_CONVERSION = YES;
				CLANG_WARN_OBJC_ROOT_CLASS = YES_ERROR;
				CLANG_WARN_RANGE_LOOP_ANALYSIS = YES;
				CLANG_WARN_STRICT_PROTOTYPES = YES;
				CLANG_WARN_SUSPICIOUS_MOVE = YES;
				CLANG_WARN_UNGUARDED_AVAILABILITY = YES_AGGRESSIVE;
				CLANG_WARN_UNREACHABLE_CODE = YES;
				CLANG_WARN__DUPLICATE_METHOD_MATCH = YES;
				COPY_PHASE_STRIP = NO;
				DEBUG_INFORMATION_FORMAT = dwarf;
				ENABLE_STRICT_OBJC_MSGSEND = YES;
				ENABLE_TESTABILITY = YES;
				GCC_C_LANGUAGE_STANDARD = gnu11;
				GCC_DYNAMIC_NO_PIC = NO;
				GCC_NO_COMMON_BLOCKS = YES;
				GCC_OPTIMIZATION_LEVEL = 0;
				GCC_PREPROCESSOR_DEFINITIONS = (
					"DEBUG=1",
					"$(inherited)",
				);
				GCC_WARN_64_TO_32_BIT_CONVERSION = YES;
				GCC_WARN_ABOUT_RETURN_TYPE = YES_ERROR;
				GCC_WARN_UNDECLARED_SELECTOR = YES;
				GCC_WARN_UNINITIALIZED_AUTOS = YES_AGGRESSIVE;
				GCC_WARN_UNUSED_FUNCTION = YES;
				GCC_WARN_UNUSED_VARIABLE = YES;
				IPHONEOS_DEPLOYMENT_TARGET = 13.1;
				MTL_ENABLE_DEBUG_INFO = INCLUDE_SOURCE;
				MTL_FAST_MATH = YES;
				ONLY_ACTIVE_ARCH = YES;
				SDKROOT = iphoneos;
				SWIFT_ACTIVE_COMPILATION_CONDITIONS = DEBUG;
				SWIFT_OPTIMIZATION_LEVEL = "-Onone";
			};
			name = Debug;
		};
		4149DF98236F4E5C00B00E62 /* Release */ = {
			isa = XCBuildConfiguration;
			buildSettings = {
				ALWAYS_SEARCH_USER_PATHS = NO;
				CLANG_ANALYZER_NONNULL = YES;
				CLANG_ANALYZER_NUMBER_OBJECT_CONVERSION = YES_AGGRESSIVE;
				CLANG_CXX_LANGUAGE_STANDARD = "gnu++14";
				CLANG_CXX_LIBRARY = "libc++";
				CLANG_ENABLE_MODULES = YES;
				CLANG_ENABLE_OBJC_ARC = YES;
				CLANG_ENABLE_OBJC_WEAK = YES;
				CLANG_WARN_BLOCK_CAPTURE_AUTORELEASING = YES;
				CLANG_WARN_BOOL_CONVERSION = YES;
				CLANG_WARN_COMMA = YES;
				CLANG_WARN_CONSTANT_CONVERSION = YES;
				CLANG_WARN_DEPRECATED_OBJC_IMPLEMENTATIONS = YES;
				CLANG_WARN_DIRECT_OBJC_ISA_USAGE = YES_ERROR;
				CLANG_WARN_DOCUMENTATION_COMMENTS = YES;
				CLANG_WARN_EMPTY_BODY = YES;
				CLANG_WARN_ENUM_CONVERSION = YES;
				CLANG_WARN_INFINITE_RECURSION = YES;
				CLANG_WARN_INT_CONVERSION = YES;
				CLANG_WARN_NON_LITERAL_NULL_CONVERSION = YES;
				CLANG_WARN_OBJC_IMPLICIT_RETAIN_SELF = YES;
				CLANG_WARN_OBJC_LITERAL_CONVERSION = YES;
				CLANG_WARN_OBJC_ROOT_CLASS = YES_ERROR;
				CLANG_WARN_RANGE_LOOP_ANALYSIS = YES;
				CLANG_WARN_STRICT_PROTOTYPES = YES;
				CLANG_WARN_SUSPICIOUS_MOVE = YES;
				CLANG_WARN_UNGUARDED_AVAILABILITY = YES_AGGRESSIVE;
				CLANG_WARN_UNREACHABLE_CODE = YES;
				CLANG_WARN__DUPLICATE_METHOD_MATCH = YES;
				COPY_PHASE_STRIP = NO;
				DEBUG_INFORMATION_FORMAT = "dwarf-with-dsym";
				ENABLE_NS_ASSERTIONS = NO;
				ENABLE_STRICT_OBJC_MSGSEND = YES;
				GCC_C_LANGUAGE_STANDARD = gnu11;
				GCC_NO_COMMON_BLOCKS = YES;
				GCC_WARN_64_TO_32_BIT_CONVERSION = YES;
				GCC_WARN_ABOUT_RETURN_TYPE = YES_ERROR;
				GCC_WARN_UNDECLARED_SELECTOR = YES;
				GCC_WARN_UNINITIALIZED_AUTOS = YES_AGGRESSIVE;
				GCC_WARN_UNUSED_FUNCTION = YES;
				GCC_WARN_UNUSED_VARIABLE = YES;
				IPHONEOS_DEPLOYMENT_TARGET = 13.1;
				MTL_ENABLE_DEBUG_INFO = NO;
				MTL_FAST_MATH = YES;
				SDKROOT = iphoneos;
				SWIFT_COMPILATION_MODE = wholemodule;
				SWIFT_OPTIMIZATION_LEVEL = "-O";
				VALIDATE_PRODUCT = YES;
			};
			name = Release;
		};
		4149DF9A236F4E5C00B00E62 /* Debug */ = {
			isa = XCBuildConfiguration;
			buildSettings = {
				ASSETCATALOG_COMPILER_APPICON_NAME = AppIcon;
				CODE_SIGN_STYLE = Automatic;
				DEVELOPMENT_TEAM = CNZTXRL7B7;
				INFOPLIST_FILE = uiKitTask2/Info.plist;
				LD_RUNPATH_SEARCH_PATHS = (
					"$(inherited)",
					"@executable_path/Frameworks",
				);
				PRODUCT_BUNDLE_IDENTIFIER = Papillon.uiKitTask2;
				PRODUCT_NAME = "$(TARGET_NAME)";
				SWIFT_VERSION = 5.0;
				TARGETED_DEVICE_FAMILY = "1,2";
			};
			name = Debug;
		};
		4149DF9B236F4E5C00B00E62 /* Release */ = {
			isa = XCBuildConfiguration;
			buildSettings = {
				ASSETCATALOG_COMPILER_APPICON_NAME = AppIcon;
				CODE_SIGN_STYLE = Automatic;
				DEVELOPMENT_TEAM = CNZTXRL7B7;
				INFOPLIST_FILE = uiKitTask2/Info.plist;
				LD_RUNPATH_SEARCH_PATHS = (
					"$(inherited)",
					"@executable_path/Frameworks",
				);
				PRODUCT_BUNDLE_IDENTIFIER = Papillon.uiKitTask2;
				PRODUCT_NAME = "$(TARGET_NAME)";
				SWIFT_VERSION = 5.0;
				TARGETED_DEVICE_FAMILY = "1,2";
			};
			name = Release;
		};
		4149DF9D236F4E5C00B00E62 /* Debug */ = {
			isa = XCBuildConfiguration;
			buildSettings = {
				ALWAYS_EMBED_SWIFT_STANDARD_LIBRARIES = YES;
				BUNDLE_LOADER = "$(TEST_HOST)";
				CODE_SIGN_STYLE = Automatic;
				DEVELOPMENT_TEAM = CNZTXRL7B7;
				INFOPLIST_FILE = uiKitTask2Tests/Info.plist;
				IPHONEOS_DEPLOYMENT_TARGET = 13.1;
				LD_RUNPATH_SEARCH_PATHS = (
					"$(inherited)",
					"@executable_path/Frameworks",
					"@loader_path/Frameworks",
				);
				PRODUCT_BUNDLE_IDENTIFIER = Papillon.uiKitTask2Tests;
				PRODUCT_NAME = "$(TARGET_NAME)";
				SWIFT_VERSION = 5.0;
				TARGETED_DEVICE_FAMILY = "1,2";
				TEST_HOST = "$(BUILT_PRODUCTS_DIR)/uiKitTask2.app/uiKitTask2";
			};
			name = Debug;
		};
		4149DF9E236F4E5C00B00E62 /* Release */ = {
			isa = XCBuildConfiguration;
			buildSettings = {
				ALWAYS_EMBED_SWIFT_STANDARD_LIBRARIES = YES;
				BUNDLE_LOADER = "$(TEST_HOST)";
				CODE_SIGN_STYLE = Automatic;
				DEVELOPMENT_TEAM = CNZTXRL7B7;
				INFOPLIST_FILE = uiKitTask2Tests/Info.plist;
				IPHONEOS_DEPLOYMENT_TARGET = 13.1;
				LD_RUNPATH_SEARCH_PATHS = (
					"$(inherited)",
					"@executable_path/Frameworks",
					"@loader_path/Frameworks",
				);
				PRODUCT_BUNDLE_IDENTIFIER = Papillon.uiKitTask2Tests;
				PRODUCT_NAME = "$(TARGET_NAME)";
				SWIFT_VERSION = 5.0;
				TARGETED_DEVICE_FAMILY = "1,2";
				TEST_HOST = "$(BUILT_PRODUCTS_DIR)/uiKitTask2.app/uiKitTask2";
			};
			name = Release;
		};
		4149DFA0236F4E5C00B00E62 /* Debug */ = {
			isa = XCBuildConfiguration;
			buildSettings = {
				ALWAYS_EMBED_SWIFT_STANDARD_LIBRARIES = YES;
				CODE_SIGN_STYLE = Automatic;
				DEVELOPMENT_TEAM = CNZTXRL7B7;
				INFOPLIST_FILE = uiKitTask2UITests/Info.plist;
				LD_RUNPATH_SEARCH_PATHS = (
					"$(inherited)",
					"@executable_path/Frameworks",
					"@loader_path/Frameworks",
				);
				PRODUCT_BUNDLE_IDENTIFIER = Papillon.uiKitTask2UITests;
				PRODUCT_NAME = "$(TARGET_NAME)";
				SWIFT_VERSION = 5.0;
				TARGETED_DEVICE_FAMILY = "1,2";
				TEST_TARGET_NAME = uiKitTask2;
			};
			name = Debug;
		};
		4149DFA1236F4E5C00B00E62 /* Release */ = {
			isa = XCBuildConfiguration;
			buildSettings = {
				ALWAYS_EMBED_SWIFT_STANDARD_LIBRARIES = YES;
				CODE_SIGN_STYLE = Automatic;
				DEVELOPMENT_TEAM = CNZTXRL7B7;
				INFOPLIST_FILE = uiKitTask2UITests/Info.plist;
				LD_RUNPATH_SEARCH_PATHS = (
					"$(inherited)",
					"@executable_path/Frameworks",
					"@loader_path/Frameworks",
				);
				PRODUCT_BUNDLE_IDENTIFIER = Papillon.uiKitTask2UITests;
				PRODUCT_NAME = "$(TARGET_NAME)";
				SWIFT_VERSION = 5.0;
				TARGETED_DEVICE_FAMILY = "1,2";
				TEST_TARGET_NAME = uiKitTask2;
			};
			name = Release;
		};
/* End XCBuildConfiguration section */

/* Begin XCConfigurationList section */
		4149DF67236F4E5700B00E62 /* Build configuration list for PBXProject "uiKitTask2" */ = {
			isa = XCConfigurationList;
			buildConfigurations = (
				4149DF97236F4E5C00B00E62 /* Debug */,
				4149DF98236F4E5C00B00E62 /* Release */,
			);
			defaultConfigurationIsVisible = 0;
			defaultConfigurationName = Release;
		};
		4149DF99236F4E5C00B00E62 /* Build configuration list for PBXNativeTarget "uiKitTask2" */ = {
			isa = XCConfigurationList;
			buildConfigurations = (
				4149DF9A236F4E5C00B00E62 /* Debug */,
				4149DF9B236F4E5C00B00E62 /* Release */,
			);
			defaultConfigurationIsVisible = 0;
			defaultConfigurationName = Release;
		};
		4149DF9C236F4E5C00B00E62 /* Build configuration list for PBXNativeTarget "uiKitTask2Tests" */ = {
			isa = XCConfigurationList;
			buildConfigurations = (
				4149DF9D236F4E5C00B00E62 /* Debug */,
				4149DF9E236F4E5C00B00E62 /* Release */,
			);
			defaultConfigurationIsVisible = 0;
			defaultConfigurationName = Release;
		};
		4149DF9F236F4E5C00B00E62 /* Build configuration list for PBXNativeTarget "uiKitTask2UITests" */ = {
			isa = XCConfigurationList;
			buildConfigurations = (
				4149DFA0236F4E5C00B00E62 /* Debug */,
				4149DFA1236F4E5C00B00E62 /* Release */,
			);
			defaultConfigurationIsVisible = 0;
			defaultConfigurationName = Release;
		};
/* End XCConfigurationList section */

/* Begin XCVersionGroup section */
		4149DF78236F4E5700B00E62 /* uiKitTask2.xcdatamodeld */ = {
			isa = XCVersionGroup;
			children = (
				4149DF79236F4E5700B00E62 /* uiKitTask2.xcdatamodel */,
			);
			currentVersion = 4149DF79236F4E5700B00E62 /* uiKitTask2.xcdatamodel */;
			path = uiKitTask2.xcdatamodeld;
			sourceTree = "<group>";
			versionGroupType = wrapper.xcdatamodel;
		};
/* End XCVersionGroup section */
	};
	rootObject = 4149DF64236F4E5700B00E62 /* Project object */;
}
